
Microsoft Visual Studio Solution File, Format Version 12.00
# Visual Studio Version 17
VisualStudioVersion = 17.6.33717.318
MinimumVisualStudioVersion = 10.0.40219.1
Project("{FAE04EC0-301F-11D3-BF4B-00C04F79EFBC}") = "QuanlyBenhnhan", "QuanlyBenhnhan.csproj", "{D9805D8C-0002-4322-BEA4-2111B56F0E80}"
EndProject
Global
	GlobalSection(SolutionConfigurationPlatforms) = preSolution
		Debug|Any CPU = Debug|Any CPU
		Release|Any CPU = Release|Any CPU
	EndGlobalSection
	GlobalSection(ProjectConfigurationPlatforms) = postSolution
		{D9805D8C-0002-4322-BEA4-2111B56F0E80}.Debug|Any CPU.ActiveCfg = Debug|Any CPU
		{D9805D8C-0002-4322-BEA4-2111B56F0E80}.Debug|Any CPU.Build.0 = Debug|Any CPU
		{D9805D8C-0002-4322-BEA4-2111B56F0E80}.Release|Any CPU.ActiveCfg = Release|Any CPU
		{D9805D8C-0002-4322-BEA4-2111B56F0E80}.Release|Any CPU.Build.0 = Release|Any CPU
	EndGlobalSection
	GlobalSection(SolutionProperties) = preSolution
		HideSolutionNode = FALSE
	EndGlobalSection
	GlobalSection(ExtensibilityGlobals) = postSolution
		SolutionGuid = {9CCEA3A7-BED9-4D84-819D-6A336687C68C}
	EndGlobalSection
EndGlobal
